
Microsoft Visual Studio Solution File, Format Version 12.00
# Visual Studio 2012
Project("{FAE04EC0-301F-11D3-BF4B-00C04F79EFBC}") = "libvlc", "libvlc\libvlc.csproj", "{EC1CF053-7B3D-4C5A-B680-F75B4F9B2A78}"
EndProject
Project("{FAE04EC0-301F-11D3-BF4B-00C04F79EFBC}") = "libvlcTest", "libvlcTest\libvlcTest.csproj", "{27665863-6F3A-4EDF-B05E-AA7D8AF89F9A}"
EndProject
Global
	GlobalSection(SolutionConfigurationPlatforms) = preSolution
		Debug|Any CPU = Debug|Any CPU
		Release|Any CPU = Release|Any CPU
	EndGlobalSection
	GlobalSection(ProjectConfigurationPlatforms) = postSolution
		{EC1CF053-7B3D-4C5A-B680-F75B4F9B2A78}.Debug|Any CPU.ActiveCfg = Debug|Any CPU
		{EC1CF053-7B3D-4C5A-B680-F75B4F9B2A78}.Debug|Any CPU.Build.0 = Debug|Any CPU
		{EC1CF053-7B3D-4C5A-B680-F75B4F9B2A78}.Release|Any CPU.ActiveCfg = Release|Any CPU
		{EC1CF053-7B3D-4C5A-B680-F75B4F9B2A78}.Release|Any CPU.Build.0 = Release|Any CPU
		{27665863-6F3A-4EDF-B05E-AA7D8AF89F9A}.Debug|Any CPU.ActiveCfg = Debug|Any CPU
		{27665863-6F3A-4EDF-B05E-AA7D8AF89F9A}.Debug|Any CPU.Build.0 = Debug|Any CPU
		{27665863-6F3A-4EDF-B05E-AA7D8AF89F9A}.Release|Any CPU.ActiveCfg = Release|Any CPU
		{27665863-6F3A-4EDF-B05E-AA7D8AF89F9A}.Release|Any CPU.Build.0 = Release|Any CPU
	EndGlobalSection
EndGlobal
