
Microsoft Visual Studio Solution File, Format Version 12.00
# Visual Studio 2012
Project("{FAE04EC0-301F-11D3-BF4B-00C04F79EFBC}") = "LibVLC.Extensions", "LibVLC.Extensions\LibVLC.Extensions.csproj", "{1C50BB69-79E5-4CBB-8C96-84B9859C50CF}"
EndProject
Project("{FAE04EC0-301F-11D3-BF4B-00C04F79EFBC}") = "LibVLC", "LibVLC\LibVLC.csproj", "{EC1CF053-7B3D-4C5A-B680-F75B4F9B2A78}"
EndProject
Project("{FAE04EC0-301F-11D3-BF4B-00C04F79EFBC}") = "Sample", "Sample\Sample.csproj", "{2B6BB327-7ABA-413A-977D-1DA9E2E9142F}"
EndProject
Global
	GlobalSection(SolutionConfigurationPlatforms) = preSolution
		Debug|Any CPU = Debug|Any CPU
		Release|Any CPU = Release|Any CPU
	EndGlobalSection
	GlobalSection(ProjectConfigurationPlatforms) = postSolution
		{1C50BB69-79E5-4CBB-8C96-84B9859C50CF}.Debug|Any CPU.ActiveCfg = Debug|Any CPU
		{1C50BB69-79E5-4CBB-8C96-84B9859C50CF}.Debug|Any CPU.Build.0 = Debug|Any CPU
		{1C50BB69-79E5-4CBB-8C96-84B9859C50CF}.Release|Any CPU.ActiveCfg = Release|Any CPU
		{1C50BB69-79E5-4CBB-8C96-84B9859C50CF}.Release|Any CPU.Build.0 = Release|Any CPU
		{EC1CF053-7B3D-4C5A-B680-F75B4F9B2A78}.Debug|Any CPU.ActiveCfg = Debug|Any CPU
		{EC1CF053-7B3D-4C5A-B680-F75B4F9B2A78}.Debug|Any CPU.Build.0 = Debug|Any CPU
		{EC1CF053-7B3D-4C5A-B680-F75B4F9B2A78}.Release|Any CPU.ActiveCfg = Release|Any CPU
		{EC1CF053-7B3D-4C5A-B680-F75B4F9B2A78}.Release|Any CPU.Build.0 = Release|Any CPU
		{2B6BB327-7ABA-413A-977D-1DA9E2E9142F}.Debug|Any CPU.ActiveCfg = Debug|Any CPU
		{2B6BB327-7ABA-413A-977D-1DA9E2E9142F}.Debug|Any CPU.Build.0 = Debug|Any CPU
		{2B6BB327-7ABA-413A-977D-1DA9E2E9142F}.Release|Any CPU.ActiveCfg = Release|Any CPU
		{2B6BB327-7ABA-413A-977D-1DA9E2E9142F}.Release|Any CPU.Build.0 = Release|Any CPU
	EndGlobalSection
EndGlobal
